
Microsoft Visual Studio Solution File, Format Version 12.00
# Visual Studio Version 16
VisualStudioVersion = 16.0.31005.135
MinimumVisualStudioVersion = 10.0.40219.1
Project("{FAE04EC0-301F-11D3-BF4B-00C04F79EFBC}") = "AutoAulaInstaller", "AutoAulaInstaller.csproj", "{19644543-81A2-4065-9DDA-3E4AFABF0CFC}"
EndProject
Global
	GlobalSection(SolutionConfigurationPlatforms) = preSolution
		Debug|Any CPU = Debug|Any CPU
		Release|Any CPU = Release|Any CPU
	EndGlobalSection
	GlobalSection(ProjectConfigurationPlatforms) = postSolution
		{19644543-81A2-4065-9DDA-3E4AFABF0CFC}.Debug|Any CPU.ActiveCfg = Debug|Any CPU
		{19644543-81A2-4065-9DDA-3E4AFABF0CFC}.Debug|Any CPU.Build.0 = Debug|Any CPU
		{19644543-81A2-4065-9DDA-3E4AFABF0CFC}.Release|Any CPU.ActiveCfg = Release|Any CPU
		{19644543-81A2-4065-9DDA-3E4AFABF0CFC}.Release|Any CPU.Build.0 = Release|Any CPU
	EndGlobalSection
	GlobalSection(SolutionProperties) = preSolution
		HideSolutionNode = FALSE
	EndGlobalSection
	GlobalSection(ExtensibilityGlobals) = postSolution
		SolutionGuid = {20AFEEEB-C70C-408B-99F0-E1ED06CCA59D}
	EndGlobalSection
EndGlobal
